
Microsoft Visual Studio Solution File, Format Version 12.00
# Visual Studio 15
VisualStudioVersion = 15.0.27130.2036
MinimumVisualStudioVersion = 10.0.40219.1
Project("{FAE04EC0-301F-11D3-BF4B-00C04F79EFBC}") = "Ranorex.Eyes.Test", "test\Ranorex.Eyes.Test.csproj", "{5ED10FA0-14F5-4781-8415-8A210307026E}"
EndProject
Project("{FAE04EC0-301F-11D3-BF4B-00C04F79EFBC}") = "Ranorex.Eyes", "src\Ranorex.Eyes.csproj", "{B7EEB677-7E24-4C0E-B892-47BD9942930F}"
EndProject
Global
	GlobalSection(SolutionConfigurationPlatforms) = preSolution
		Debug|Any CPU = Debug|Any CPU
		Release|Any CPU = Release|Any CPU
	EndGlobalSection
	GlobalSection(ProjectConfigurationPlatforms) = postSolution
		{5ED10FA0-14F5-4781-8415-8A210307026E}.Debug|Any CPU.ActiveCfg = Debug|Any CPU
		{5ED10FA0-14F5-4781-8415-8A210307026E}.Debug|Any CPU.Build.0 = Debug|Any CPU
		{5ED10FA0-14F5-4781-8415-8A210307026E}.Release|Any CPU.ActiveCfg = Release|Any CPU
		{5ED10FA0-14F5-4781-8415-8A210307026E}.Release|Any CPU.Build.0 = Release|Any CPU
		{B7EEB677-7E24-4C0E-B892-47BD9942930F}.Debug|Any CPU.ActiveCfg = Debug|Any CPU
		{B7EEB677-7E24-4C0E-B892-47BD9942930F}.Debug|Any CPU.Build.0 = Debug|Any CPU
		{B7EEB677-7E24-4C0E-B892-47BD9942930F}.Release|Any CPU.ActiveCfg = Release|Any CPU
		{B7EEB677-7E24-4C0E-B892-47BD9942930F}.Release|Any CPU.Build.0 = Release|Any CPU
	EndGlobalSection
	GlobalSection(SolutionProperties) = preSolution
		HideSolutionNode = FALSE
	EndGlobalSection
	GlobalSection(ExtensibilityGlobals) = postSolution
		SolutionGuid = {B4417FFF-9F20-4270-A15F-B558A3FDAED2}
	EndGlobalSection
EndGlobal
